
Microsoft Visual Studio Solution File, Format Version 12.00
# Visual Studio Version 16
VisualStudioVersion = 16.0.30717.126
MinimumVisualStudioVersion = 10.0.40219.1
Project("{FAE04EC0-301F-11D3-BF4B-00C04F79EFBC}") = "MyQSLV_UsingSQL", "MyQSLV_UsingSQL\MyQSLV_UsingSQL.csproj", "{E06C10F6-3550-448B-B647-7ABCA564F9F8}"
EndProject
Global
	GlobalSection(SolutionConfigurationPlatforms) = preSolution
		Debug|Any CPU = Debug|Any CPU
		Release|Any CPU = Release|Any CPU
	EndGlobalSection
	GlobalSection(ProjectConfigurationPlatforms) = postSolution
		{E06C10F6-3550-448B-B647-7ABCA564F9F8}.Debug|Any CPU.ActiveCfg = Debug|Any CPU
		{E06C10F6-3550-448B-B647-7ABCA564F9F8}.Debug|Any CPU.Build.0 = Debug|Any CPU
		{E06C10F6-3550-448B-B647-7ABCA564F9F8}.Release|Any CPU.ActiveCfg = Release|Any CPU
		{E06C10F6-3550-448B-B647-7ABCA564F9F8}.Release|Any CPU.Build.0 = Release|Any CPU
	EndGlobalSection
	GlobalSection(SolutionProperties) = preSolution
		HideSolutionNode = FALSE
	EndGlobalSection
	GlobalSection(ExtensibilityGlobals) = postSolution
		SolutionGuid = {2AA5EE42-2AF4-43C2-BA39-DD4080512F1D}
	EndGlobalSection
EndGlobal
