
Microsoft Visual Studio Solution File, Format Version 12.00
# Visual Studio Version 16
VisualStudioVersion = 16.0.30717.126
MinimumVisualStudioVersion = 10.0.40219.1
Project("{FAE04EC0-301F-11D3-BF4B-00C04F79EFBC}") = "QLTV", "QLTV\QLTV.csproj", "{EEE9F1DF-FC8D-4292-A7B5-9D1284EB0913}"
EndProject
Project("{FAE04EC0-301F-11D3-BF4B-00C04F79EFBC}") = "Login", "Login\Login.csproj", "{D7530433-3C6D-4F6D-A19E-8151E7A758D9}"
EndProject
Global
	GlobalSection(SolutionConfigurationPlatforms) = preSolution
		Debug|Any CPU = Debug|Any CPU
		Release|Any CPU = Release|Any CPU
	EndGlobalSection
	GlobalSection(ProjectConfigurationPlatforms) = postSolution
		{EEE9F1DF-FC8D-4292-A7B5-9D1284EB0913}.Debug|Any CPU.ActiveCfg = Debug|Any CPU
		{EEE9F1DF-FC8D-4292-A7B5-9D1284EB0913}.Debug|Any CPU.Build.0 = Debug|Any CPU
		{EEE9F1DF-FC8D-4292-A7B5-9D1284EB0913}.Release|Any CPU.ActiveCfg = Release|Any CPU
		{EEE9F1DF-FC8D-4292-A7B5-9D1284EB0913}.Release|Any CPU.Build.0 = Release|Any CPU
		{D7530433-3C6D-4F6D-A19E-8151E7A758D9}.Debug|Any CPU.ActiveCfg = Debug|Any CPU
		{D7530433-3C6D-4F6D-A19E-8151E7A758D9}.Debug|Any CPU.Build.0 = Debug|Any CPU
		{D7530433-3C6D-4F6D-A19E-8151E7A758D9}.Release|Any CPU.ActiveCfg = Release|Any CPU
		{D7530433-3C6D-4F6D-A19E-8151E7A758D9}.Release|Any CPU.Build.0 = Release|Any CPU
	EndGlobalSection
	GlobalSection(SolutionProperties) = preSolution
		HideSolutionNode = FALSE
	EndGlobalSection
	GlobalSection(ExtensibilityGlobals) = postSolution
		SolutionGuid = {CB38A087-0B19-46C2-8C77-60B781D3998B}
	EndGlobalSection
EndGlobal
