
Microsoft Visual Studio Solution File, Format Version 12.00
# Visual Studio Version 16
VisualStudioVersion = 16.0.30717.126
MinimumVisualStudioVersion = 10.0.40219.1
Project("{FAE04EC0-301F-11D3-BF4B-00C04F79EFBC}") = "MyReviewApp", "MyReviewApp\MyReviewApp.csproj", "{91649F43-5639-48A0-9EF1-1656E308CFB8}"
EndProject
Global
	GlobalSection(SolutionConfigurationPlatforms) = preSolution
		Debug|Any CPU = Debug|Any CPU
		Release|Any CPU = Release|Any CPU
	EndGlobalSection
	GlobalSection(ProjectConfigurationPlatforms) = postSolution
		{91649F43-5639-48A0-9EF1-1656E308CFB8}.Debug|Any CPU.ActiveCfg = Debug|Any CPU
		{91649F43-5639-48A0-9EF1-1656E308CFB8}.Debug|Any CPU.Build.0 = Debug|Any CPU
		{91649F43-5639-48A0-9EF1-1656E308CFB8}.Release|Any CPU.ActiveCfg = Release|Any CPU
		{91649F43-5639-48A0-9EF1-1656E308CFB8}.Release|Any CPU.Build.0 = Release|Any CPU
	EndGlobalSection
	GlobalSection(SolutionProperties) = preSolution
		HideSolutionNode = FALSE
	EndGlobalSection
	GlobalSection(ExtensibilityGlobals) = postSolution
		SolutionGuid = {455DB47C-18C6-4C2B-BBEC-0E9A6B1DD528}
	EndGlobalSection
EndGlobal
